// !$*UTF8*$!
{
	archiveVersion = 1;
	classes = {
	};
	objectVersion = 77;
	objects = {

/* Begin PBXBuildFile section */
		041B3B052EF509F200102458 /* Localizable.strings in Resources */ = {isa = PBXBuildFile; fileRef = 041B3B032EF509F200102458 /* Localizable.strings */; };
		04A830DE2EEC094A00DDEDDC /* PalmSky Watch App.app in Embed Watch Content */ = {isa = PBXBuildFile; fileRef = 04A830DD2EEC094A00DDEDDC /* PalmSky Watch App.app */; settings = {ATTRIBUTES = (RemoveHeadersOnCopy, ); }; };
		04DAB5A62EF4313300AF7427 /* WidgetKit.framework in Frameworks */ = {isa = PBXBuildFile; fileRef = 04DAB5A52EF4313300AF7427 /* WidgetKit.framework */; };
		04DAB5A82EF4313300AF7427 /* SwiftUI.framework in Frameworks */ = {isa = PBXBuildFile; fileRef = 04DAB5A72EF4313300AF7427 /* SwiftUI.framework */; };
		04DAB5B12EF4313400AF7427 /* SkyExtension.appex in Embed Foundation Extensions */ = {isa = PBXBuildFile; fileRef = 04DAB5A32EF4313300AF7427 /* SkyExtension.appex */; settings = {ATTRIBUTES = (RemoveHeadersOnCopy, ); }; };
/* End PBXBuildFile section */

/* Begin PBXContainerItemProxy section */
		04A830DF2EEC094A00DDEDDC /* PBXContainerItemProxy */ = {
			isa = PBXContainerItemProxy;
			containerPortal = 04A830C52EEC094900DDEDDC /* Project object */;
			proxyType = 1;
			remoteGlobalIDString = 04A830DC2EEC094A00DDEDDC;
			remoteInfo = "PalmSky Watch App";
		};
		04DAB5AF2EF4313400AF7427 /* PBXContainerItemProxy */ = {
			isa = PBXContainerItemProxy;
			containerPortal = 04A830C52EEC094900DDEDDC /* Project object */;
			proxyType = 1;
			remoteGlobalIDString = 04DAB5A22EF4313300AF7427;
			remoteInfo = SkyExtension;
		};
/* End PBXContainerItemProxy section */

/* Begin PBXCopyFilesBuildPhase section */
		04A830F02EEC094A00DDEDDC /* Embed Watch Content */ = {
			isa = PBXCopyFilesBuildPhase;
			buildActionMask = 2147483647;
			dstPath = "$(CONTENTS_FOLDER_PATH)/Watch";
			dstSubfolderSpec = 16;
			files = (
				04A830DE2EEC094A00DDEDDC /* PalmSky Watch App.app in Embed Watch Content */,
			);
			name = "Embed Watch Content";
			runOnlyForDeploymentPostprocessing = 0;
		};
		04DAB5B22EF4313400AF7427 /* Embed Foundation Extensions */ = {
			isa = PBXCopyFilesBuildPhase;
			buildActionMask = 2147483647;
			dstPath = "";
			dstSubfolderSpec = 13;
			files = (
				04DAB5B12EF4313400AF7427 /* SkyExtension.appex in Embed Foundation Extensions */,
			);
			name = "Embed Foundation Extensions";
			runOnlyForDeploymentPostprocessing = 0;
		};
/* End PBXCopyFilesBuildPhase section */

/* Begin PBXFileReference section */
		041B3B042EF509F200102458 /* zh-Hans */ = {isa = PBXFileReference; lastKnownFileType = text.plist.strings; name = "zh-Hans"; path = "zh-Hans.lproj/Localizable.strings"; sourceTree = "<group>"; };
		04A830CD2EEC094900DDEDDC /* PalmSky.app */ = {isa = PBXFileReference; explicitFileType = wrapper.application; includeInIndex = 0; path = PalmSky.app; sourceTree = BUILT_PRODUCTS_DIR; };
		04A830DD2EEC094A00DDEDDC /* PalmSky Watch App.app */ = {isa = PBXFileReference; explicitFileType = wrapper.application; includeInIndex = 0; path = "PalmSky Watch App.app"; sourceTree = BUILT_PRODUCTS_DIR; };
		04DAB5A32EF4313300AF7427 /* SkyExtension.appex */ = {isa = PBXFileReference; explicitFileType = "wrapper.app-extension"; includeInIndex = 0; path = SkyExtension.appex; sourceTree = BUILT_PRODUCTS_DIR; };
		04DAB5A52EF4313300AF7427 /* WidgetKit.framework */ = {isa = PBXFileReference; lastKnownFileType = wrapper.framework; name = WidgetKit.framework; path = System/Library/Frameworks/WidgetKit.framework; sourceTree = SDKROOT; };
		04DAB5A72EF4313300AF7427 /* SwiftUI.framework */ = {isa = PBXFileReference; lastKnownFileType = wrapper.framework; name = SwiftUI.framework; path = System/Library/Frameworks/SwiftUI.framework; sourceTree = SDKROOT; };
		04DAB5C12EF4384400AF7427 /* SkyExtension.entitlements */ = {isa = PBXFileReference; lastKnownFileType = text.plist.entitlements; path = SkyExtension.entitlements; sourceTree = "<group>"; };
/* End PBXFileReference section */

/* Begin PBXFileSystemSynchronizedBuildFileExceptionSet section */
		041B3ADC2EF4E18D00102458 /* Exceptions for "Sky" folder in "PalmSky" target */ = {
			isa = PBXFileSystemSynchronizedBuildFileExceptionSet;
			membershipExceptions = (
				SharedDataManager.swift,
			);
			target = 04A830CC2EEC094900DDEDDC /* PalmSky */;
		};
		041B3AF42EF5037900102458 /* Exceptions for "PalmSky" folder in "PalmSky Watch App" target */ = {
			isa = PBXFileSystemSynchronizedBuildFileExceptionSet;
			membershipExceptions = (
				manager/GameCenterManager.swift,
			);
			target = 04A830DC2EEC094A00DDEDDC /* PalmSky Watch App */;
		};
		04DAB5B52EF4313400AF7427 /* Exceptions for "Sky" folder in "SkyExtension" target */ = {
			isa = PBXFileSystemSynchronizedBuildFileExceptionSet;
			membershipExceptions = (
				Info.plist,
			);
			target = 04DAB5A22EF4313300AF7427 /* SkyExtension */;
		};
		04DAB5BC2EF4352D00AF7427 /* Exceptions for "PalmSky Watch App" folder in "PalmSky" target */ = {
			isa = PBXFileSystemSynchronizedBuildFileExceptionSet;
			membershipExceptions = (
				manager/AchievementReporter.swift,
				manager/GameLevelManager.swift,
				manager/SkySyncManager.swift,
				model/GameEvent.swift,
				model/GameFormulas.swift,
				model/RealmColor.swift,
				model/SkyConstants.swift,
				model/TaijiSkin.swift,
				model/XiuxianFont.swift,
			);
			target = 04A830CC2EEC094900DDEDDC /* PalmSky */;
		};
		04DAB5BD2EF4352D00AF7427 /* Exceptions for "PalmSky Watch App" folder in "SkyExtension" target */ = {
			isa = PBXFileSystemSynchronizedBuildFileExceptionSet;
			membershipExceptions = (
				manager/GameLevelManager.swift,
				model/GameEvent.swift,
				model/RealmColor.swift,
				model/SkyConstants.swift,
				model/TaijiSkin.swift,
				model/XiuxianFont.swift,
				view/TaijiShapeView.swift,
				view/TaijiStencilView.swift,
			);
			target = 04DAB5A22EF4313300AF7427 /* SkyExtension */;
		};
		04DAB5C02EF4355800AF7427 /* Exceptions for "Sky" folder in "PalmSky Watch App" target */ = {
			isa = PBXFileSystemSynchronizedBuildFileExceptionSet;
			membershipExceptions = (
				SharedDataManager.swift,
			);
			target = 04A830DC2EEC094A00DDEDDC /* PalmSky Watch App */;
		};
		04F1F0372EFAD43400B2D73C /* Exceptions for "PalmSky" folder in "PalmSky" target */ = {
			isa = PBXFileSystemSynchronizedBuildFileExceptionSet;
			membershipExceptions = (
				Info.plist,
			);
			target = 04A830CC2EEC094900DDEDDC /* PalmSky */;
		};
/* End PBXFileSystemSynchronizedBuildFileExceptionSet section */

/* Begin PBXFileSystemSynchronizedRootGroup section */
		04A830CF2EEC094900DDEDDC /* PalmSky */ = {
			isa = PBXFileSystemSynchronizedRootGroup;
			exceptions = (
				04F1F0372EFAD43400B2D73C /* Exceptions for "PalmSky" folder in "PalmSky" target */,
				041B3AF42EF5037900102458 /* Exceptions for "PalmSky" folder in "PalmSky Watch App" target */,
			);
			path = PalmSky;
			sourceTree = "<group>";
		};
		04A830E12EEC094A00DDEDDC /* PalmSky Watch App */ = {
			isa = PBXFileSystemSynchronizedRootGroup;
			exceptions = (
				04DAB5BC2EF4352D00AF7427 /* Exceptions for "PalmSky Watch App" folder in "PalmSky" target */,
				04DAB5BD2EF4352D00AF7427 /* Exceptions for "PalmSky Watch App" folder in "SkyExtension" target */,
			);
			path = "PalmSky Watch App";
			sourceTree = "<group>";
		};
		04DAB5A92EF4313300AF7427 /* Sky */ = {
			isa = PBXFileSystemSynchronizedRootGroup;
			exceptions = (
				041B3ADC2EF4E18D00102458 /* Exceptions for "Sky" folder in "PalmSky" target */,
				04DAB5C02EF4355800AF7427 /* Exceptions for "Sky" folder in "PalmSky Watch App" target */,
				04DAB5B52EF4313400AF7427 /* Exceptions for "Sky" folder in "SkyExtension" target */,
			);
			path = Sky;
			sourceTree = "<group>";
		};
/* End PBXFileSystemSynchronizedRootGroup section */

/* Begin PBXFrameworksBuildPhase section */
		04A830CA2EEC094900DDEDDC /* Frameworks */ = {
			isa = PBXFrameworksBuildPhase;
			buildActionMask = 2147483647;
			files = (
			);
			runOnlyForDeploymentPostprocessing = 0;
		};
		04A830DA2EEC094A00DDEDDC /* Frameworks */ = {
			isa = PBXFrameworksBuildPhase;
			buildActionMask = 2147483647;
			files = (
			);
			runOnlyForDeploymentPostprocessing = 0;
		};
		04DAB5A02EF4313300AF7427 /* Frameworks */ = {
			isa = PBXFrameworksBuildPhase;
			buildActionMask = 2147483647;
			files = (
				04DAB5A82EF4313300AF7427 /* SwiftUI.framework in Frameworks */,
				04DAB5A62EF4313300AF7427 /* WidgetKit.framework in Frameworks */,
			);
			runOnlyForDeploymentPostprocessing = 0;
		};
/* End PBXFrameworksBuildPhase section */

/* Begin PBXGroup section */
		04A830C42EEC094900DDEDDC = {
			isa = PBXGroup;
			children = (
				041B3B032EF509F200102458 /* Localizable.strings */,
				04DAB5C12EF4384400AF7427 /* SkyExtension.entitlements */,
				04A830CF2EEC094900DDEDDC /* PalmSky */,
				04A830E12EEC094A00DDEDDC /* PalmSky Watch App */,
				04DAB5A92EF4313300AF7427 /* Sky */,
				04DAB5A42EF4313300AF7427 /* Frameworks */,
				04A830CE2EEC094900DDEDDC /* Products */,
			);
			sourceTree = "<group>";
		};
		04A830CE2EEC094900DDEDDC /* Products */ = {
			isa = PBXGroup;
			children = (
				04A830CD2EEC094900DDEDDC /* PalmSky.app */,
				04A830DD2EEC094A00DDEDDC /* PalmSky Watch App.app */,
				04DAB5A32EF4313300AF7427 /* SkyExtension.appex */,
			);
			name = Products;
			sourceTree = "<group>";
		};
		04DAB5A42EF4313300AF7427 /* Frameworks */ = {
			isa = PBXGroup;
			children = (
				04DAB5A52EF4313300AF7427 /* WidgetKit.framework */,
				04DAB5A72EF4313300AF7427 /* SwiftUI.framework */,
			);
			name = Frameworks;
			sourceTree = "<group>";
		};
/* End PBXGroup section */

/* Begin PBXNativeTarget section */
		04A830CC2EEC094900DDEDDC /* PalmSky */ = {
			isa = PBXNativeTarget;
			buildConfigurationList = 04A830F12EEC094A00DDEDDC /* Build configuration list for PBXNativeTarget "PalmSky" */;
			buildPhases = (
				04A830C92EEC094900DDEDDC /* Sources */,
				04A830CA2EEC094900DDEDDC /* Frameworks */,
				04A830CB2EEC094900DDEDDC /* Resources */,
				04A830F02EEC094A00DDEDDC /* Embed Watch Content */,
			);
			buildRules = (
			);
			dependencies = (
				04A830E02EEC094A00DDEDDC /* PBXTargetDependency */,
			);
			fileSystemSynchronizedGroups = (
				04A830CF2EEC094900DDEDDC /* PalmSky */,
			);
			name = PalmSky;
			packageProductDependencies = (
			);
			productName = PalmSky;
			productReference = 04A830CD2EEC094900DDEDDC /* PalmSky.app */;
			productType = "com.apple.product-type.application";
		};
		04A830DC2EEC094A00DDEDDC /* PalmSky Watch App */ = {
			isa = PBXNativeTarget;
			buildConfigurationList = 04A830ED2EEC094A00DDEDDC /* Build configuration list for PBXNativeTarget "PalmSky Watch App" */;
			buildPhases = (
				04A830D92EEC094A00DDEDDC /* Sources */,
				04A830DA2EEC094A00DDEDDC /* Frameworks */,
				04A830DB2EEC094A00DDEDDC /* Resources */,
				04DAB5B22EF4313400AF7427 /* Embed Foundation Extensions */,
			);
			buildRules = (
			);
			dependencies = (
				04DAB5B02EF4313400AF7427 /* PBXTargetDependency */,
			);
			fileSystemSynchronizedGroups = (
				04A830E12EEC094A00DDEDDC /* PalmSky Watch App */,
			);
			name = "PalmSky Watch App";
			packageProductDependencies = (
			);
			productName = "PalmSky Watch App";
			productReference = 04A830DD2EEC094A00DDEDDC /* PalmSky Watch App.app */;
			productType = "com.apple.product-type.application";
		};
		04DAB5A22EF4313300AF7427 /* SkyExtension */ = {
			isa = PBXNativeTarget;
			buildConfigurationList = 04DAB5B62EF4313400AF7427 /* Build configuration list for PBXNativeTarget "SkyExtension" */;
			buildPhases = (
				04DAB59F2EF4313300AF7427 /* Sources */,
				04DAB5A02EF4313300AF7427 /* Frameworks */,
				04DAB5A12EF4313300AF7427 /* Resources */,
			);
			buildRules = (
			);
			dependencies = (
			);
			fileSystemSynchronizedGroups = (
				04DAB5A92EF4313300AF7427 /* Sky */,
			);
			name = SkyExtension;
			packageProductDependencies = (
			);
			productName = SkyExtension;
			productReference = 04DAB5A32EF4313300AF7427 /* SkyExtension.appex */;
			productType = "com.apple.product-type.app-extension";
		};
/* End PBXNativeTarget section */

/* Begin PBXProject section */
		04A830C52EEC094900DDEDDC /* Project object */ = {
			isa = PBXProject;
			attributes = {
				BuildIndependentTargetsInParallel = 1;
				LastSwiftUpdateCheck = 1610;
				LastUpgradeCheck = 1610;
				TargetAttributes = {
					04A830CC2EEC094900DDEDDC = {
						CreatedOnToolsVersion = 16.1;
					};
					04A830DC2EEC094A00DDEDDC = {
						CreatedOnToolsVersion = 16.1;
					};
					04DAB5A22EF4313300AF7427 = {
						CreatedOnToolsVersion = 16.1;
					};
				};
			};
			buildConfigurationList = 04A830C82EEC094900DDEDDC /* Build configuration list for PBXProject "PalmSky" */;
			developmentRegion = "zh-Hans";
			hasScannedForEncodings = 0;
			knownRegions = (
				"zh-Hans",
			);
			mainGroup = 04A830C42EEC094900DDEDDC;
			minimizedProjectReferenceProxies = 1;
			preferredProjectObjectVersion = 77;
			productRefGroup = 04A830CE2EEC094900DDEDDC /* Products */;
			projectDirPath = "";
			projectRoot = "";
			targets = (
				04A830CC2EEC094900DDEDDC /* PalmSky */,
				04A830DC2EEC094A00DDEDDC /* PalmSky Watch App */,
				04DAB5A22EF4313300AF7427 /* SkyExtension */,
			);
		};
/* End PBXProject section */

/* Begin PBXResourcesBuildPhase section */
		04A830CB2EEC094900DDEDDC /* Resources */ = {
			isa = PBXResourcesBuildPhase;
			buildActionMask = 2147483647;
			files = (
				041B3B052EF509F200102458 /* Localizable.strings in Resources */,
			);
			runOnlyForDeploymentPostprocessing = 0;
		};
		04A830DB2EEC094A00DDEDDC /* Resources */ = {
			isa = PBXResourcesBuildPhase;
			buildActionMask = 2147483647;
			files = (
			);
			runOnlyForDeploymentPostprocessing = 0;
		};
		04DAB5A12EF4313300AF7427 /* Resources */ = {
			isa = PBXResourcesBuildPhase;
			buildActionMask = 2147483647;
			files = (
			);
			runOnlyForDeploymentPostprocessing = 0;
		};
/* End PBXResourcesBuildPhase section */

/* Begin PBXSourcesBuildPhase section */
		04A830C92EEC094900DDEDDC /* Sources */ = {
			isa = PBXSourcesBuildPhase;
			buildActionMask = 2147483647;
			files = (
			);
			runOnlyForDeploymentPostprocessing = 0;
		};
		04A830D92EEC094A00DDEDDC /* Sources */ = {
			isa = PBXSourcesBuildPhase;
			buildActionMask = 2147483647;
			files = (
			);
			runOnlyForDeploymentPostprocessing = 0;
		};
		04DAB59F2EF4313300AF7427 /* Sources */ = {
			isa = PBXSourcesBuildPhase;
			buildActionMask = 2147483647;
			files = (
			);
			runOnlyForDeploymentPostprocessing = 0;
		};
/* End PBXSourcesBuildPhase section */

/* Begin PBXTargetDependency section */
		04A830E02EEC094A00DDEDDC /* PBXTargetDependency */ = {
			isa = PBXTargetDependency;
			target = 04A830DC2EEC094A00DDEDDC /* PalmSky Watch App */;
			targetProxy = 04A830DF2EEC094A00DDEDDC /* PBXContainerItemProxy */;
		};
		04DAB5B02EF4313400AF7427 /* PBXTargetDependency */ = {
			isa = PBXTargetDependency;
			target = 04DAB5A22EF4313300AF7427 /* SkyExtension */;
			targetProxy = 04DAB5AF2EF4313400AF7427 /* PBXContainerItemProxy */;
		};
/* End PBXTargetDependency section */

/* Begin PBXVariantGroup section */
		041B3B032EF509F200102458 /* Localizable.strings */ = {
			isa = PBXVariantGroup;
			children = (
				041B3B042EF509F200102458 /* zh-Hans */,
			);
			name = Localizable.strings;
			sourceTree = "<group>";
		};
/* End PBXVariantGroup section */

/* Begin XCBuildConfiguration section */
		04A830EB2EEC094A00DDEDDC /* Debug */ = {
			isa = XCBuildConfiguration;
			buildSettings = {
				ALWAYS_SEARCH_USER_PATHS = NO;
				ASSETCATALOG_COMPILER_GENERATE_SWIFT_ASSET_SYMBOL_EXTENSIONS = YES;
				CLANG_ANALYZER_NONNULL = YES;
				CLANG_ANALYZER_NUMBER_OBJECT_CONVERSION = YES_AGGRESSIVE;
				CLANG_CXX_LANGUAGE_STANDARD = "gnu++20";
				CLANG_ENABLE_MODULES = YES;
				CLANG_ENABLE_OBJC_ARC = YES;
				CLANG_ENABLE_OBJC_WEAK = YES;
				CLANG_WARN_BLOCK_CAPTURE_AUTORELEASING = YES;
				CLANG_WARN_BOOL_CONVERSION = YES;
				CLANG_WARN_COMMA = YES;
				CLANG_WARN_CONSTANT_CONVERSION = YES;
				CLANG_WARN_DEPRECATED_OBJC_IMPLEMENTATIONS = YES;
				CLANG_WARN_DIRECT_OBJC_ISA_USAGE = YES_ERROR;
				CLANG_WARN_DOCUMENTATION_COMMENTS = YES;
				CLANG_WARN_EMPTY_BODY = YES;
				CLANG_WARN_ENUM_CONVERSION = YES;
				CLANG_WARN_INFINITE_RECURSION = YES;
				CLANG_WARN_INT_CONVERSION = YES;
				CLANG_WARN_NON_LITERAL_NULL_CONVERSION = YES;
				CLANG_WARN_OBJC_IMPLICIT_RETAIN_SELF = YES;
				CLANG_WARN_OBJC_LITERAL_CONVERSION = YES;
				CLANG_WARN_OBJC_ROOT_CLASS = YES_ERROR;
				CLANG_WARN_QUOTED_INCLUDE_IN_FRAMEWORK_HEADER = YES;
				CLANG_WARN_RANGE_LOOP_ANALYSIS = YES;
				CLANG_WARN_STRICT_PROTOTYPES = YES;
				CLANG_WARN_SUSPICIOUS_MOVE = YES;
				CLANG_WARN_UNGUARDED_AVAILABILITY = YES_AGGRESSIVE;
				CLANG_WARN_UNREACHABLE_CODE = YES;
				CLANG_WARN__DUPLICATE_METHOD_MATCH = YES;
				COPY_PHASE_STRIP = NO;
				DEBUG_INFORMATION_FORMAT = dwarf;
				ENABLE_STRICT_OBJC_MSGSEND = YES;
				ENABLE_TESTABILITY = YES;
				ENABLE_USER_SCRIPT_SANDBOXING = YES;
				GCC_C_LANGUAGE_STANDARD = gnu17;
				GCC_DYNAMIC_NO_PIC = NO;
				GCC_NO_COMMON_BLOCKS = YES;
				GCC_OPTIMIZATION_LEVEL = 0;
				GCC_PREPROCESSOR_DEFINITIONS = (
					"DEBUG=1",
					"$(inherited)",
				);
				GCC_WARN_64_TO_32_BIT_CONVERSION = YES;
				GCC_WARN_ABOUT_RETURN_TYPE = YES_ERROR;
				GCC_WARN_UNDECLARED_SELECTOR = YES;
				GCC_WARN_UNINITIALIZED_AUTOS = YES_AGGRESSIVE;
				GCC_WARN_UNUSED_FUNCTION = YES;
				GCC_WARN_UNUSED_VARIABLE = YES;
				LOCALIZATION_PREFERS_STRING_CATALOGS = YES;
				MTL_ENABLE_DEBUG_INFO = INCLUDE_SOURCE;
				MTL_FAST_MATH = YES;
				ONLY_ACTIVE_ARCH = YES;
				SWIFT_ACTIVE_COMPILATION_CONDITIONS = "DEBUG $(inherited)";
				SWIFT_OPTIMIZATION_LEVEL = "-Onone";
			};
			name = Debug;
		};
		04A830EC2EEC094A00DDEDDC /* Release */ = {
			isa = XCBuildConfiguration;
			buildSettings = {
				ALWAYS_SEARCH_USER_PATHS = NO;
				ASSETCATALOG_COMPILER_GENERATE_SWIFT_ASSET_SYMBOL_EXTENSIONS = YES;
				CLANG_ANALYZER_NONNULL = YES;
				CLANG_ANALYZER_NUMBER_OBJECT_CONVERSION = YES_AGGRESSIVE;
				CLANG_CXX_LANGUAGE_STANDARD = "gnu++20";
				CLANG_ENABLE_MODULES = YES;
				CLANG_ENABLE_OBJC_ARC = YES;
				CLANG_ENABLE_OBJC_WEAK = YES;
				CLANG_WARN_BLOCK_CAPTURE_AUTORELEASING = YES;
				CLANG_WARN_BOOL_CONVERSION = YES;
				CLANG_WARN_COMMA = YES;
				CLANG_WARN_CONSTANT_CONVERSION = YES;
				CLANG_WARN_DEPRECATED_OBJC_IMPLEMENTATIONS = YES;
				CLANG_WARN_DIRECT_OBJC_ISA_USAGE = YES_ERROR;
				CLANG_WARN_DOCUMENTATION_COMMENTS = YES;
				CLANG_WARN_EMPTY_BODY = YES;
				CLANG_WARN_ENUM_CONVERSION = YES;
				CLANG_WARN_INFINITE_RECURSION = YES;
				CLANG_WARN_INT_CONVERSION = YES;
				CLANG_WARN_NON_LITERAL_NULL_CONVERSION = YES;
				CLANG_WARN_OBJC_IMPLICIT_RETAIN_SELF = YES;
				CLANG_WARN_OBJC_LITERAL_CONVERSION = YES;
				CLANG_WARN_OBJC_ROOT_CLASS = YES_ERROR;
				CLANG_WARN_QUOTED_INCLUDE_IN_FRAMEWORK_HEADER = YES;
				CLANG_WARN_RANGE_LOOP_ANALYSIS = YES;
				CLANG_WARN_STRICT_PROTOTYPES = YES;
				CLANG_WARN_SUSPICIOUS_MOVE = YES;
				CLANG_WARN_UNGUARDED_AVAILABILITY = YES_AGGRESSIVE;
				CLANG_WARN_UNREACHABLE_CODE = YES;
				CLANG_WARN__DUPLICATE_METHOD_MATCH = YES;
				COPY_PHASE_STRIP = NO;
				DEBUG_INFORMATION_FORMAT = "dwarf-with-dsym";
				ENABLE_NS_ASSERTIONS = NO;
				ENABLE_STRICT_OBJC_MSGSEND = YES;
				ENABLE_USER_SCRIPT_SANDBOXING = YES;
				GCC_C_LANGUAGE_STANDARD = gnu17;
				GCC_NO_COMMON_BLOCKS = YES;
				GCC_WARN_64_TO_32_BIT_CONVERSION = YES;
				GCC_WARN_ABOUT_RETURN_TYPE = YES_ERROR;
				GCC_WARN_UNDECLARED_SELECTOR = YES;
				GCC_WARN_UNINITIALIZED_AUTOS = YES_AGGRESSIVE;
				GCC_WARN_UNUSED_FUNCTION = YES;
				GCC_WARN_UNUSED_VARIABLE = YES;
				LOCALIZATION_PREFERS_STRING_CATALOGS = YES;
				MTL_ENABLE_DEBUG_INFO = NO;
				MTL_FAST_MATH = YES;
				SWIFT_COMPILATION_MODE = wholemodule;
			};
			name = Release;
		};
		04A830EE2EEC094A00DDEDDC /* Debug */ = {
			isa = XCBuildConfiguration;
			buildSettings = {
				ASSETCATALOG_COMPILER_APPICON_NAME = AppIcon;
				ASSETCATALOG_COMPILER_GLOBAL_ACCENT_COLOR_NAME = AccentColor;
				ASSETCATALOG_COMPILER_INCLUDE_ALL_APPICON_ASSETS = YES;
				CODE_SIGN_ENTITLEMENTS = "PalmSky Watch App/PalmSky Watch App.entitlements";
				"CODE_SIGN_IDENTITY[sdk=watchos*]" = "iPhone Developer";
				CODE_SIGN_STYLE = Manual;
				CURRENT_PROJECT_VERSION = 1;
				DEVELOPMENT_ASSET_PATHS = "\"PalmSky Watch App/Preview Content\"";
				DEVELOPMENT_TEAM = "";
				"DEVELOPMENT_TEAM[sdk=watchos*]" = N9D9LC468N;
				ENABLE_PREVIEWS = YES;
				GENERATE_INFOPLIST_FILE = YES;
				INFOPLIST_FILE = "PalmSky-Watch-App-Info.plist";
				INFOPLIST_KEY_CFBundleDisplayName = "掌上修仙";
				INFOPLIST_KEY_NSHealthShareUsageDescription = "用于读取您的每日步数，将运动成果转化为游戏内的修行灵气。";
				INFOPLIST_KEY_UISupportedInterfaceOrientations = "UIInterfaceOrientationPortrait UIInterfaceOrientationPortraitUpsideDown";
				INFOPLIST_KEY_WKCompanionAppBundleIdentifier = com.palmsky;
				INFOPLIST_KEY_WKRunsIndependentlyOfCompanionApp = YES;
				LD_RUNPATH_SEARCH_PATHS = (
					"$(inherited)",
					"@executable_path/Frameworks",
				);
				MARKETING_VERSION = 2.0;
				PRODUCT_BUNDLE_IDENTIFIER = com.palmsky.watchkitapp;
				PRODUCT_NAME = "$(TARGET_NAME)";
				PROVISIONING_PROFILE_SPECIFIER = "";
				"PROVISIONING_PROFILE_SPECIFIER[sdk=watchos*]" = newmtest;
				SDKROOT = watchos;
				SKIP_INSTALL = YES;
				SWIFT_EMIT_LOC_STRINGS = YES;
				SWIFT_VERSION = 5.0;
				TARGETED_DEVICE_FAMILY = 4;
				WATCHOS_DEPLOYMENT_TARGET = 10.0;
			};
			name = Debug;
		};
		04A830EF2EEC094A00DDEDDC /* Release */ = {
			isa = XCBuildConfiguration;
			buildSettings = {
				ASSETCATALOG_COMPILER_APPICON_NAME = AppIcon;
				ASSETCATALOG_COMPILER_GLOBAL_ACCENT_COLOR_NAME = AccentColor;
				ASSETCATALOG_COMPILER_INCLUDE_ALL_APPICON_ASSETS = YES;
				CODE_SIGN_ENTITLEMENTS = "PalmSky Watch App/PalmSky Watch App.entitlements";
				"CODE_SIGN_IDENTITY[sdk=watchos*]" = "iPhone Developer";
				CODE_SIGN_STYLE = Manual;
				CURRENT_PROJECT_VERSION = 1;
				DEVELOPMENT_ASSET_PATHS = "\"PalmSky Watch App/Preview Content\"";
				DEVELOPMENT_TEAM = "";
				"DEVELOPMENT_TEAM[sdk=watchos*]" = N9D9LC468N;
				ENABLE_PREVIEWS = YES;
				GENERATE_INFOPLIST_FILE = YES;
				INFOPLIST_FILE = "PalmSky-Watch-App-Info.plist";
				INFOPLIST_KEY_CFBundleDisplayName = "掌上修仙";
				INFOPLIST_KEY_NSHealthShareUsageDescription = "用于读取您的每日步数，将运动成果转化为游戏内的修行灵气。";
				INFOPLIST_KEY_UISupportedInterfaceOrientations = "UIInterfaceOrientationPortrait UIInterfaceOrientationPortraitUpsideDown";
				INFOPLIST_KEY_WKCompanionAppBundleIdentifier = com.palmsky;
				INFOPLIST_KEY_WKRunsIndependentlyOfCompanionApp = YES;
				LD_RUNPATH_SEARCH_PATHS = (
					"$(inherited)",
					"@executable_path/Frameworks",
				);
				MARKETING_VERSION = 2.0;
				PRODUCT_BUNDLE_IDENTIFIER = com.palmsky.watchkitapp;
				PRODUCT_NAME = "$(TARGET_NAME)";
				PROVISIONING_PROFILE_SPECIFIER = "";
				"PROVISIONING_PROFILE_SPECIFIER[sdk=watchos*]" = newmtest;
				SDKROOT = watchos;
				SKIP_INSTALL = YES;
				SWIFT_EMIT_LOC_STRINGS = YES;
				SWIFT_VERSION = 5.0;
				TARGETED_DEVICE_FAMILY = 4;
				VALIDATE_PRODUCT = YES;
				WATCHOS_DEPLOYMENT_TARGET = 10.0;
			};
			name = Release;
		};
		04A830F22EEC094A00DDEDDC /* Debug */ = {
			isa = XCBuildConfiguration;
			buildSettings = {
				ASSETCATALOG_COMPILER_APPICON_NAME = AppIcon;
				ASSETCATALOG_COMPILER_GLOBAL_ACCENT_COLOR_NAME = AccentColor;
				ASSETCATALOG_COMPILER_INCLUDE_ALL_APPICON_ASSETS = YES;
				CODE_SIGN_ENTITLEMENTS = PalmSky/PalmSky.entitlements;
				"CODE_SIGN_IDENTITY[sdk=iphoneos*]" = "iPhone Developer";
				CODE_SIGN_STYLE = Manual;
				CURRENT_PROJECT_VERSION = 1;
				DEVELOPMENT_ASSET_PATHS = "\"PalmSky/Preview Content\"";
				DEVELOPMENT_TEAM = "";
				"DEVELOPMENT_TEAM[sdk=iphoneos*]" = N9D9LC468N;
				ENABLE_PREVIEWS = YES;
				GENERATE_INFOPLIST_FILE = YES;
				INFOPLIST_FILE = PalmSky/Info.plist;
				INFOPLIST_KEY_CFBundleDisplayName = "掌上修仙";
				INFOPLIST_KEY_UIApplicationSceneManifest_Generation = YES;
				INFOPLIST_KEY_UIApplicationSupportsIndirectInputEvents = YES;
				INFOPLIST_KEY_UILaunchScreen_Generation = YES;
				INFOPLIST_KEY_UIRequiresFullScreen = YES;
				INFOPLIST_KEY_UIStatusBarHidden = YES;
				INFOPLIST_KEY_UISupportedInterfaceOrientations = UIInterfaceOrientationPortrait;
				INFOPLIST_KEY_UIUserInterfaceStyle = Dark;
				IPHONEOS_DEPLOYMENT_TARGET = 16.1;
				LD_RUNPATH_SEARCH_PATHS = (
					"$(inherited)",
					"@executable_path/Frameworks",
				);
				MARKETING_VERSION = 2.0;
				PRODUCT_BUNDLE_IDENTIFIER = com.palmsky;
				PRODUCT_NAME = "$(TARGET_NAME)";
				PROVISIONING_PROFILE_SPECIFIER = "";
				"PROVISIONING_PROFILE_SPECIFIER[sdk=iphoneos*]" = newmtest;
				SDKROOT = iphoneos;
				SUPPORTED_PLATFORMS = "iphoneos iphonesimulator";
				SUPPORTS_MACCATALYST = NO;
				SWIFT_EMIT_LOC_STRINGS = YES;
				SWIFT_VERSION = 5.0;
				TARGETED_DEVICE_FAMILY = 1;
			};
			name = Debug;
		};
		04A830F32EEC094A00DDEDDC /* Release */ = {
			isa = XCBuildConfiguration;
			buildSettings = {
				ASSETCATALOG_COMPILER_APPICON_NAME = AppIcon;
				ASSETCATALOG_COMPILER_GLOBAL_ACCENT_COLOR_NAME = AccentColor;
				ASSETCATALOG_COMPILER_INCLUDE_ALL_APPICON_ASSETS = YES;
				CODE_SIGN_ENTITLEMENTS = PalmSky/PalmSky.entitlements;
				"CODE_SIGN_IDENTITY[sdk=iphoneos*]" = "iPhone Developer";
				CODE_SIGN_STYLE = Manual;
				CURRENT_PROJECT_VERSION = 1;
				DEVELOPMENT_ASSET_PATHS = "\"PalmSky/Preview Content\"";
				DEVELOPMENT_TEAM = "";
				"DEVELOPMENT_TEAM[sdk=iphoneos*]" = N9D9LC468N;
				ENABLE_PREVIEWS = YES;
				GENERATE_INFOPLIST_FILE = YES;
				INFOPLIST_FILE = PalmSky/Info.plist;
				INFOPLIST_KEY_CFBundleDisplayName = "掌上修仙";
				INFOPLIST_KEY_UIApplicationSceneManifest_Generation = YES;
				INFOPLIST_KEY_UIApplicationSupportsIndirectInputEvents = YES;
				INFOPLIST_KEY_UILaunchScreen_Generation = YES;
				INFOPLIST_KEY_UIRequiresFullScreen = YES;
				INFOPLIST_KEY_UIStatusBarHidden = YES;
				INFOPLIST_KEY_UISupportedInterfaceOrientations = UIInterfaceOrientationPortrait;
				INFOPLIST_KEY_UIUserInterfaceStyle = Dark;
				IPHONEOS_DEPLOYMENT_TARGET = 16.1;
				LD_RUNPATH_SEARCH_PATHS = (
					"$(inherited)",
					"@executable_path/Frameworks",
				);
				MARKETING_VERSION = 2.0;
				PRODUCT_BUNDLE_IDENTIFIER = com.palmsky;
				PRODUCT_NAME = "$(TARGET_NAME)";
				PROVISIONING_PROFILE_SPECIFIER = "";
				"PROVISIONING_PROFILE_SPECIFIER[sdk=iphoneos*]" = newmtest;
				SDKROOT = iphoneos;
				SUPPORTED_PLATFORMS = "iphoneos iphonesimulator";
				SUPPORTS_MACCATALYST = NO;
				SWIFT_EMIT_LOC_STRINGS = YES;
				SWIFT_VERSION = 5.0;
				TARGETED_DEVICE_FAMILY = 1;
				VALIDATE_PRODUCT = YES;
			};
			name = Release;
		};
		04DAB5B32EF4313400AF7427 /* Debug */ = {
			isa = XCBuildConfiguration;
			buildSettings = {
				ASSETCATALOG_COMPILER_GLOBAL_ACCENT_COLOR_NAME = AccentColor;
				ASSETCATALOG_COMPILER_WIDGET_BACKGROUND_COLOR_NAME = WidgetBackground;
				CODE_SIGN_ENTITLEMENTS = SkyExtension.entitlements;
				"CODE_SIGN_IDENTITY[sdk=watchos*]" = "iPhone Developer";
				CODE_SIGN_STYLE = Manual;
				CURRENT_PROJECT_VERSION = 1;
				DEVELOPMENT_TEAM = "";
				"DEVELOPMENT_TEAM[sdk=watchos*]" = N9D9LC468N;
				GENERATE_INFOPLIST_FILE = YES;
				INFOPLIST_FILE = Sky/Info.plist;
				INFOPLIST_KEY_CFBundleDisplayName = "掌上修仙";
				INFOPLIST_KEY_NSHumanReadableCopyright = "";
				LD_RUNPATH_SEARCH_PATHS = (
					"$(inherited)",
					"@executable_path/Frameworks",
					"@executable_path/../../Frameworks",
					"@executable_path/../../../../Frameworks",
				);
				MARKETING_VERSION = 2.0;
				PRODUCT_BUNDLE_IDENTIFIER = com.palmsky.watchkitapp.sky;
				PRODUCT_NAME = "$(TARGET_NAME)";
				PROVISIONING_PROFILE_SPECIFIER = "";
				"PROVISIONING_PROFILE_SPECIFIER[sdk=watchos*]" = newmtest;
				SDKROOT = watchos;
				SKIP_INSTALL = YES;
				SWIFT_EMIT_LOC_STRINGS = YES;
				SWIFT_VERSION = 5.0;
				TARGETED_DEVICE_FAMILY = 4;
				WATCHOS_DEPLOYMENT_TARGET = 10.0;
			};
			name = Debug;
		};
		04DAB5B42EF4313400AF7427 /* Release */ = {
			isa = XCBuildConfiguration;
			buildSettings = {
				ASSETCATALOG_COMPILER_GLOBAL_ACCENT_COLOR_NAME = AccentColor;
				ASSETCATALOG_COMPILER_WIDGET_BACKGROUND_COLOR_NAME = WidgetBackground;
				CODE_SIGN_ENTITLEMENTS = SkyExtension.entitlements;
				"CODE_SIGN_IDENTITY[sdk=watchos*]" = "iPhone Developer";
				CODE_SIGN_STYLE = Manual;
				CURRENT_PROJECT_VERSION = 1;
				DEVELOPMENT_TEAM = "";
				"DEVELOPMENT_TEAM[sdk=watchos*]" = N9D9LC468N;
				GENERATE_INFOPLIST_FILE = YES;
				INFOPLIST_FILE = Sky/Info.plist;
				INFOPLIST_KEY_CFBundleDisplayName = "掌上修仙";
				INFOPLIST_KEY_NSHumanReadableCopyright = "";
				LD_RUNPATH_SEARCH_PATHS = (
					"$(inherited)",
					"@executable_path/Frameworks",
					"@executable_path/../../Frameworks",
					"@executable_path/../../../../Frameworks",
				);
				MARKETING_VERSION = 2.0;
				PRODUCT_BUNDLE_IDENTIFIER = com.palmsky.watchkitapp.sky;
				PRODUCT_NAME = "$(TARGET_NAME)";
				PROVISIONING_PROFILE_SPECIFIER = "";
				"PROVISIONING_PROFILE_SPECIFIER[sdk=watchos*]" = newmtest;
				SDKROOT = watchos;
				SKIP_INSTALL = YES;
				SWIFT_EMIT_LOC_STRINGS = YES;
				SWIFT_VERSION = 5.0;
				TARGETED_DEVICE_FAMILY = 4;
				VALIDATE_PRODUCT = YES;
				WATCHOS_DEPLOYMENT_TARGET = 10.0;
			};
			name = Release;
		};
/* End XCBuildConfiguration section */

/* Begin XCConfigurationList section */
		04A830C82EEC094900DDEDDC /* Build configuration list for PBXProject "PalmSky" */ = {
			isa = XCConfigurationList;
			buildConfigurations = (
				04A830EB2EEC094A00DDEDDC /* Debug */,
				04A830EC2EEC094A00DDEDDC /* Release */,
			);
			defaultConfigurationIsVisible = 0;
			defaultConfigurationName = Release;
		};
		04A830ED2EEC094A00DDEDDC /* Build configuration list for PBXNativeTarget "PalmSky Watch App" */ = {
			isa = XCConfigurationList;
			buildConfigurations = (
				04A830EE2EEC094A00DDEDDC /* Debug */,
				04A830EF2EEC094A00DDEDDC /* Release */,
			);
			defaultConfigurationIsVisible = 0;
			defaultConfigurationName = Release;
		};
		04A830F12EEC094A00DDEDDC /* Build configuration list for PBXNativeTarget "PalmSky" */ = {
			isa = XCConfigurationList;
			buildConfigurations = (
				04A830F22EEC094A00DDEDDC /* Debug */,
				04A830F32EEC094A00DDEDDC /* Release */,
			);
			defaultConfigurationIsVisible = 0;
			defaultConfigurationName = Release;
		};
		04DAB5B62EF4313400AF7427 /* Build configuration list for PBXNativeTarget "SkyExtension" */ = {
			isa = XCConfigurationList;
			buildConfigurations = (
				04DAB5B32EF4313400AF7427 /* Debug */,
				04DAB5B42EF4313400AF7427 /* Release */,
			);
			defaultConfigurationIsVisible = 0;
			defaultConfigurationName = Release;
		};
/* End XCConfigurationList section */
	};
	rootObject = 04A830C52EEC094900DDEDDC /* Project object */;
}
